
Microsoft Visual Studio Solution File, Format Version 12.00
# Visual Studio 15
VisualStudioVersion = 15.0.28010.2036
MinimumVisualStudioVersion = 10.0.40219.1
Project("{2150E333-8FDC-42A3-9474-1A3956D46DE8}") = "01-Parameter_In", "01-Parameter_In", "{6BE07D8D-E50D-4404-A3D8-81AF4B13BBB6}"
EndProject
Project("{9A19103F-16F7-4668-BE54-9A1E7A4F7556}") = "Parameter_In", "Parameter_In\Parameter_In.csproj", "{5BD6D71B-B4BD-422B-93F6-3A6649D093B7}"
EndProject
Project("{2150E333-8FDC-42A3-9474-1A3956D46DE8}") = "02-Returns_RefReadOnly", "02-Returns_RefReadOnly", "{0BB7EB2F-24D4-4C67-A9D2-6EC9036A1701}"
EndProject
Project("{9A19103F-16F7-4668-BE54-9A1E7A4F7556}") = "Returns_RefReadOnly", "Returns_RefReadOnly\Returns_RefReadOnly.csproj", "{FDBB2B4F-537C-4D0C-A8C0-2C211310BE6B}"
EndProject
Project("{2150E333-8FDC-42A3-9474-1A3956D46DE8}") = "03-ReadonlyStruct", "03-ReadonlyStruct", "{4E7C3106-B9D4-4767-8E8D-9D7297625932}"
EndProject
Project("{9A19103F-16F7-4668-BE54-9A1E7A4F7556}") = "ReadOnlyStruct", "ReadOnlyStruct\ReadOnlyStruct.csproj", "{8CFFB1F1-3210-4339-BAFE-ED212D033E1F}"
EndProject
Project("{2150E333-8FDC-42A3-9474-1A3956D46DE8}") = "04-ExtensionMethods_in_ref", "04-ExtensionMethods_in_ref", "{87A6E5AC-4A1B-47C9-83BB-8AC59D4AE721}"
EndProject
Project("{9A19103F-16F7-4668-BE54-9A1E7A4F7556}") = "ExtensionMethods_in_ref", "ExtensionMethods_in_ref\ExtensionMethods_in_ref.csproj", "{C0BBAB78-55C6-41EC-A095-79CEF59850A0}"
EndProject
Project("{2150E333-8FDC-42A3-9474-1A3956D46DE8}") = "05-TernaryOperatorRef", "05-TernaryOperatorRef", "{39A01264-62BC-4775-AAEA-1D6DD769F7D3}"
EndProject
Project("{9A19103F-16F7-4668-BE54-9A1E7A4F7556}") = "TernaryOperatorRef", "TernaryOperatorRef\TernaryOperatorRef.csproj", "{200C2C32-EFBF-43F1-8FB8-848C817E7427}"
EndProject
Project("{2150E333-8FDC-42A3-9474-1A3956D46DE8}") = "06-DigitSeparatorAfterBaseSpecifier", "06-DigitSeparatorAfterBaseSpecifier", "{424E1466-18A6-4F0F-84E6-9C254A245E00}"
EndProject
Project("{9A19103F-16F7-4668-BE54-9A1E7A4F7556}") = "DigitSeparatorAfterBaseSpecifier", "DigitSeparatorAfterBaseSpecifier\DigitSeparatorAfterBaseSpecifier.csproj", "{AD73D075-6240-4CB7-B454-A145C03ABEFD}"
EndProject
Project("{2150E333-8FDC-42A3-9474-1A3956D46DE8}") = "07-Span", "07-Span", "{876A7FE2-9B76-4059-A5EA-DD4A441CB17C}"
EndProject
Project("{9A19103F-16F7-4668-BE54-9A1E7A4F7556}") = "Span", "Span\Span.csproj", "{AB2C62E9-97DF-4BAD-86CD-191E21DA60DE}"
EndProject
Project("{2150E333-8FDC-42A3-9474-1A3956D46DE8}") = "08-ReadOnlySpan", "08-ReadOnlySpan", "{5DE1F6E7-6448-481C-8DED-99EC8838592A}"
EndProject
Project("{9A19103F-16F7-4668-BE54-9A1E7A4F7556}") = "ReadOnlySpan", "ReadOnlySpan\ReadOnlySpan.csproj", "{24D9FDBF-A7BB-4F46-958E-FEB245FCD68A}"
EndProject
Project("{2150E333-8FDC-42A3-9474-1A3956D46DE8}") = "09-MemoryT", "09-MemoryT", "{6D9D805F-01E7-4382-B0C8-397B4D25772C}"
EndProject
Project("{FAE04EC0-301F-11D3-BF4B-00C04F79EFBC}") = "MemoryT", "MemoryT\MemoryT.csproj", "{2076FA13-8B9A-4504-9F9C-62C082FA9213}"
EndProject
Global
	GlobalSection(SolutionConfigurationPlatforms) = preSolution
		Debug|Any CPU = Debug|Any CPU
		Release|Any CPU = Release|Any CPU
	EndGlobalSection
	GlobalSection(ProjectConfigurationPlatforms) = postSolution
		{5BD6D71B-B4BD-422B-93F6-3A6649D093B7}.Debug|Any CPU.ActiveCfg = Debug|Any CPU
		{5BD6D71B-B4BD-422B-93F6-3A6649D093B7}.Debug|Any CPU.Build.0 = Debug|Any CPU
		{5BD6D71B-B4BD-422B-93F6-3A6649D093B7}.Release|Any CPU.ActiveCfg = Release|Any CPU
		{5BD6D71B-B4BD-422B-93F6-3A6649D093B7}.Release|Any CPU.Build.0 = Release|Any CPU
		{FDBB2B4F-537C-4D0C-A8C0-2C211310BE6B}.Debug|Any CPU.ActiveCfg = Debug|Any CPU
		{FDBB2B4F-537C-4D0C-A8C0-2C211310BE6B}.Debug|Any CPU.Build.0 = Debug|Any CPU
		{FDBB2B4F-537C-4D0C-A8C0-2C211310BE6B}.Release|Any CPU.ActiveCfg = Release|Any CPU
		{FDBB2B4F-537C-4D0C-A8C0-2C211310BE6B}.Release|Any CPU.Build.0 = Release|Any CPU
		{8CFFB1F1-3210-4339-BAFE-ED212D033E1F}.Debug|Any CPU.ActiveCfg = Debug|Any CPU
		{8CFFB1F1-3210-4339-BAFE-ED212D033E1F}.Debug|Any CPU.Build.0 = Debug|Any CPU
		{8CFFB1F1-3210-4339-BAFE-ED212D033E1F}.Release|Any CPU.ActiveCfg = Release|Any CPU
		{8CFFB1F1-3210-4339-BAFE-ED212D033E1F}.Release|Any CPU.Build.0 = Release|Any CPU
		{C0BBAB78-55C6-41EC-A095-79CEF59850A0}.Debug|Any CPU.ActiveCfg = Debug|Any CPU
		{C0BBAB78-55C6-41EC-A095-79CEF59850A0}.Debug|Any CPU.Build.0 = Debug|Any CPU
		{C0BBAB78-55C6-41EC-A095-79CEF59850A0}.Release|Any CPU.ActiveCfg = Release|Any CPU
		{C0BBAB78-55C6-41EC-A095-79CEF59850A0}.Release|Any CPU.Build.0 = Release|Any CPU
		{200C2C32-EFBF-43F1-8FB8-848C817E7427}.Debug|Any CPU.ActiveCfg = Debug|Any CPU
		{200C2C32-EFBF-43F1-8FB8-848C817E7427}.Debug|Any CPU.Build.0 = Debug|Any CPU
		{200C2C32-EFBF-43F1-8FB8-848C817E7427}.Release|Any CPU.ActiveCfg = Release|Any CPU
		{200C2C32-EFBF-43F1-8FB8-848C817E7427}.Release|Any CPU.Build.0 = Release|Any CPU
		{AD73D075-6240-4CB7-B454-A145C03ABEFD}.Debug|Any CPU.ActiveCfg = Debug|Any CPU
		{AD73D075-6240-4CB7-B454-A145C03ABEFD}.Debug|Any CPU.Build.0 = Debug|Any CPU
		{AD73D075-6240-4CB7-B454-A145C03ABEFD}.Release|Any CPU.ActiveCfg = Release|Any CPU
		{AD73D075-6240-4CB7-B454-A145C03ABEFD}.Release|Any CPU.Build.0 = Release|Any CPU
		{AB2C62E9-97DF-4BAD-86CD-191E21DA60DE}.Debug|Any CPU.ActiveCfg = Debug|Any CPU
		{AB2C62E9-97DF-4BAD-86CD-191E21DA60DE}.Debug|Any CPU.Build.0 = Debug|Any CPU
		{AB2C62E9-97DF-4BAD-86CD-191E21DA60DE}.Release|Any CPU.ActiveCfg = Release|Any CPU
		{AB2C62E9-97DF-4BAD-86CD-191E21DA60DE}.Release|Any CPU.Build.0 = Release|Any CPU
		{24D9FDBF-A7BB-4F46-958E-FEB245FCD68A}.Debug|Any CPU.ActiveCfg = Debug|Any CPU
		{24D9FDBF-A7BB-4F46-958E-FEB245FCD68A}.Debug|Any CPU.Build.0 = Debug|Any CPU
		{24D9FDBF-A7BB-4F46-958E-FEB245FCD68A}.Release|Any CPU.ActiveCfg = Release|Any CPU
		{24D9FDBF-A7BB-4F46-958E-FEB245FCD68A}.Release|Any CPU.Build.0 = Release|Any CPU
		{2076FA13-8B9A-4504-9F9C-62C082FA9213}.Debug|Any CPU.ActiveCfg = Debug|Any CPU
		{2076FA13-8B9A-4504-9F9C-62C082FA9213}.Debug|Any CPU.Build.0 = Debug|Any CPU
		{2076FA13-8B9A-4504-9F9C-62C082FA9213}.Release|Any CPU.ActiveCfg = Release|Any CPU
		{2076FA13-8B9A-4504-9F9C-62C082FA9213}.Release|Any CPU.Build.0 = Release|Any CPU
	EndGlobalSection
	GlobalSection(SolutionProperties) = preSolution
		HideSolutionNode = FALSE
	EndGlobalSection
	GlobalSection(NestedProjects) = preSolution
		{5BD6D71B-B4BD-422B-93F6-3A6649D093B7} = {6BE07D8D-E50D-4404-A3D8-81AF4B13BBB6}
		{FDBB2B4F-537C-4D0C-A8C0-2C211310BE6B} = {0BB7EB2F-24D4-4C67-A9D2-6EC9036A1701}
		{8CFFB1F1-3210-4339-BAFE-ED212D033E1F} = {4E7C3106-B9D4-4767-8E8D-9D7297625932}
		{C0BBAB78-55C6-41EC-A095-79CEF59850A0} = {87A6E5AC-4A1B-47C9-83BB-8AC59D4AE721}
		{200C2C32-EFBF-43F1-8FB8-848C817E7427} = {39A01264-62BC-4775-AAEA-1D6DD769F7D3}
		{AD73D075-6240-4CB7-B454-A145C03ABEFD} = {424E1466-18A6-4F0F-84E6-9C254A245E00}
		{AB2C62E9-97DF-4BAD-86CD-191E21DA60DE} = {876A7FE2-9B76-4059-A5EA-DD4A441CB17C}
		{24D9FDBF-A7BB-4F46-958E-FEB245FCD68A} = {5DE1F6E7-6448-481C-8DED-99EC8838592A}
		{2076FA13-8B9A-4504-9F9C-62C082FA9213} = {6D9D805F-01E7-4382-B0C8-397B4D25772C}
	EndGlobalSection
	GlobalSection(ExtensibilityGlobals) = postSolution
		SolutionGuid = {A9F16AB3-F92D-419F-8A89-A9C39E45C36B}
	EndGlobalSection
EndGlobal
